<Solution>
  <Folder Name="/Apps/">
    <Project Path="UwvLlm.Api/UwvLlm.Api.csproj" />
    <Project Path="UwvLlm.App/UwvLlm.App.csproj" Id="a22a3074-67d3-433f-9089-6566a64f8542">
      <Deploy Solution="Debug|*" />
    </Project>
    <Project Path="UwvLlm.Fabric/UwvLlm.Fabric.csproj" Id="741459c8-905f-4511-ae23-9b8283c10d41" />
    <Project Path="UwvLlm.LlmProxy/UwvLlm.LlmProxy.csproj" Id="f4b6d9fd-1aaa-432a-bcc1-91e93261430b" />
    <Project Path="UwvLlm.Storage/UwvLlm.Storage.csproj" Id="a184ac3f-a28a-4e72-8a5b-0f61ae38dea5" />
  </Folder>
  <Folder Name="/Core/">
    <Project Path="UwvLlm.Api.Core/UwvLlm.Api.Core.csproj" Id="26295ce6-4320-41cb-aa4a-206f4089f821" />
    <Project Path="UwvLlm.App.Core/UwvLlm.App.Core.csproj" Id="d7da95e3-4a2e-4f91-bafd-d4360da2354d" />
    <Project Path="UwvLlm.Infrastructure.Data/UwvLlm.Infrastructure.Data.csproj" Id="544a8f93-80e4-4b49-819d-05bd8b104d80" />
    <Project Path="UwvLlm.Infrastructure.Llm/UwvLlm.Infrastructure.Llm.csproj" Id="9076559d-1c9d-48ca-8363-f7338524d726" />
    <Project Path="UwvLlm.LlmProxy.Core/UwvLlm.LlmProxy.Core.csproj" Id="d7b63eac-72f4-4a6f-87de-352f7a216ee6" />
    <Project Path="UwvLlm.Shared.Private/UwvLlm.Shared.Private.csproj" Id="7b5e2458-b601-4c3f-b2d9-51a2af04c542" />
    <Project Path="UwvLlm.Shared.Public/UwvLlm.Shared.Public.csproj" Id="2f380807-1cec-4eb5-bc9e-f2382a973d5c" />
  </Folder>
  <Folder Name="/gAPI/">
    <Project Path="../gAPI/gAPI.AutoApi.Client/gAPI.AutoApi.Client.csproj" />
    <Project Path="../gAPI/gAPI.AutoApi.Server/gAPI.AutoApi.Server.csproj" />
    <Project Path="../gAPI/gAPI.AutoComponent/gAPI.AutoComponent.csproj" />
    <Project Path="../gAPI/gAPI.AutoPage/gAPI.AutoPage.csproj" />
    <Project Path="../gAPI/gAPI.AutoSerializer/gAPI.AutoSerializer.csproj" />
    <Project Path="../gAPI/gAPI.AutoSse.Client/gAPI.AutoSse.Client.csproj" />
    <Project Path="../gAPI/gAPI.AutoSse.Server/gAPI.AutoSse.Server.csproj" />
    <Project Path="../gAPI/gAPI.AutoWss.Client/gAPI.AutoWss.Client.csproj" />
    <Project Path="../gAPI/gAPI.AutoWss.Server/gAPI.AutoWss.Server.csproj" />
    <Project Path="../gAPI/gAPI.CodeGen.Backend/gAPI.CodeGen.Backend.csproj" />
    <Project Path="../gAPI/gAPI.CodeGen.Frontend/gAPI.CodeGen.Frontend.csproj" />
    <Project Path="../gAPI/gAPI.Core.Client/gAPI.Core.Client.csproj" />
    <Project Path="../gAPI/gAPI.Core.Server/gAPI.Core.Server.csproj" />
    <Project Path="../gAPI/gAPI.Core.ServiceBus/gAPI.Core.ServiceBus.csproj" Id="eb79717c-0a48-49dd-a6a5-2dfeba245caf" />
    <Project Path="../gAPI/gAPI.Core/gAPI.Core.csproj" />
    <Project Path="../gAPI/gAPI.Fabric.Server/gAPI.Fabric.Server.csproj" />
    <Project Path="../gAPI/gAPI.Storage.Server/gAPI.Storage.Server.csproj" />
  </Folder>
  <Folder Name="/Generators/">
    <Project Path="UwvLlm.BackendGenerator/UwvLlm.BackendGenerator.csproj" Id="de0964aa-4a60-40ea-a230-975b567a34d1" />
  </Folder>
  <Folder Name="/Tests/">
    <Project Path="UwvLlm.Api.Core.Test/UwvLlm.Api.Core.Test.csproj" />
    <Project Path="UwvLlm.App.Core.Test/UwvLlm.App.Core.Test.csproj" Id="c29e61f3-47ae-4277-8b33-ad2900bc06b5" />
    <Project Path="UwvLlm.LlmProxy.Core.Test/UwvLlm.LlmProxy.Core.Test.csproj" Id="7d2fda0a-e3de-4121-ad60-3b200f31ee41" />
  </Folder>
  <Project Path="UwvLlm.AppHost/UwvLlm.AppHost.csproj" Id="222f8302-2a19-436d-b055-9c531cc1b408" />
</Solution>
